{
  "name": "tsperf-type-lens",
  "version": "0.1.0",
  "lockfileVersion": 3,
  "requires": true,
  "packages": {
    "": {
      "name": "tsperf-type-lens",
      "version": "0.1.0",
      "license": "MIT",
      "dependencies": {
        "tsperf-type-lens-tsserver-plugin": "file:./tsserver-plugin"
      },
      "engines": {
        "vscode": "^1.90.0"
      }
    },
    "node_modules/tsperf-type-lens-tsserver-plugin": {
      "resolved": "tsserver-plugin",
      "link": true
    },
    "tsserver-plugin": {
      "name": "tsperf-type-lens-tsserver-plugin",
      "version": "0.1.0",
      "license": "MIT"
    }
  }
}
